{
	"name": "@adapt-cli-dev/core",
	"version": "0.0.0",
	"lockfileVersion": 1,
	"requires": true,
	"dependencies": {
		"adaptd": {
			"version": "0.1.0",
			"resolved": "https://registry.npmjs.org/adaptd/-/adaptd-0.1.0.tgz",
			"integrity": "sha512-/jxnBYpWFLkwYsDC1Y8cRInieuE4U03AvrV1AqKbXq0BbalKTVaUqQifkec3/TEo+ya5peVWIXe/Raj7l/6wew==",
			"requires": {
				"classnames": "^2.3.1"
			}
		},
		"classnames": {
			"version": "2.3.1",
			"resolved": "https://registry.npmjs.org/classnames/-/classnames-2.3.1.tgz",
			"integrity": "sha512-OlQdbZ7gLfGarSqxesMesDa5uz7KFbID8Kpq/SxIoNGDqY8lSYs0D+hhtBXhcdB3rcbXArFr7vlHheLk1voeNA=="
		}
	}
}
